// !$*UTF8*$!
{
	archiveVersion = 1;
	classes = {
	};
	objectVersion = 46;
	objects = {

/* Begin PBXBuildFile section */
		BAC6394F1A07ED420049E3BD /* main.m in Sources */ = {isa = PBXBuildFile; fileRef = BAC6394E1A07ED420049E3BD /* main.m */; };
		BAC639521A07ED420049E3BD /* AppDelegate.m in Sources */ = {isa = PBXBuildFile; fileRef = BAC639511A07ED420049E3BD /* AppDelegate.m */; };
		BAC639551A07ED420049E3BD /* Fucook.xcdatamodeld in Sources */ = {isa = PBXBuildFile; fileRef = BAC639531A07ED420049E3BD /* Fucook.xcdatamodeld */; };
		BAC6395D1A07ED420049E3BD /* Images.xcassets in Resources */ = {isa = PBXBuildFile; fileRef = BAC6395C1A07ED420049E3BD /* Images.xcassets */; };
		BAC6396C1A07ED420049E3BD /* FucookTests.m in Sources */ = {isa = PBXBuildFile; fileRef = BAC6396B1A07ED420049E3BD /* FucookTests.m */; };
		BAC639841A07F0C40049E3BD /* Book.m in Sources */ = {isa = PBXBuildFile; fileRef = BAC639821A07F0C40049E3BD /* Book.m */; };
		BAC639851A07F0C40049E3BD /* Book.xib in Resources */ = {isa = PBXBuildFile; fileRef = BAC639831A07F0C40049E3BD /* Book.xib */; };
		BAF66E281A0B7DA900E90B7D /* imgbckhome@2x.png in Resources */ = {isa = PBXBuildFile; fileRef = BAF66E261A0B7DA900E90B7D /* imgbckhome@2x.png */; };
		BAF66E291A0B7DA900E90B7D /* imgbckhome@3x.png in Resources */ = {isa = PBXBuildFile; fileRef = BAF66E271A0B7DA900E90B7D /* imgbckhome@3x.png */; };
		BAF66E2B1A0B809800E90B7D /* imgbookcut@3x.png in Resources */ = {isa = PBXBuildFile; fileRef = BAF66E2A1A0B809800E90B7D /* imgbookcut@3x.png */; };
		BAF66E2E1A0B851600E90B7D /* imgbookslice@2x.png in Resources */ = {isa = PBXBuildFile; fileRef = BAF66E2C1A0B851600E90B7D /* imgbookslice@2x.png */; };
		BAF66E2F1A0B851600E90B7D /* imgbookslice@3x.png in Resources */ = {isa = PBXBuildFile; fileRef = BAF66E2D1A0B851600E90B7D /* imgbookslice@3x.png */; };
		BAF76B491A0CCE6B00D2CC13 /* CollectionLivros.m in Sources */ = {isa = PBXBuildFile; fileRef = BAF76B471A0CCE6B00D2CC13 /* CollectionLivros.m */; };
		BAF76B4A1A0CCE6B00D2CC13 /* CollectionLivros.xib in Resources */ = {isa = PBXBuildFile; fileRef = BAF76B481A0CCE6B00D2CC13 /* CollectionLivros.xib */; };
		BAF76B4F1A0CCEA800D2CC13 /* CollectionLivroCellCollectionViewCell.m in Sources */ = {isa = PBXBuildFile; fileRef = BAF76B4D1A0CCEA800D2CC13 /* CollectionLivroCellCollectionViewCell.m */; };
		BAF76B501A0CCEA800D2CC13 /* CollectionLivroCellCollectionViewCell.xib in Resources */ = {isa = PBXBuildFile; fileRef = BAF76B4E1A0CCEA800D2CC13 /* CollectionLivroCellCollectionViewCell.xib */; };
		BAF76B551A0D0FD200D2CC13 /* Settings.m in Sources */ = {isa = PBXBuildFile; fileRef = BAF76B531A0D0FD200D2CC13 /* Settings.m */; };
		BAF76B561A0D0FD200D2CC13 /* Settings.xib in Resources */ = {isa = PBXBuildFile; fileRef = BAF76B541A0D0FD200D2CC13 /* Settings.xib */; };
		BAF76B5B1A0D2AAE00D2CC13 /* DragableTableReceitas.m in Sources */ = {isa = PBXBuildFile; fileRef = BAF76B5A1A0D2AAE00D2CC13 /* DragableTableReceitas.m */; };
		BAF76B601A0D314700D2CC13 /* BookCell.m in Sources */ = {isa = PBXBuildFile; fileRef = BAF76B5E1A0D314700D2CC13 /* BookCell.m */; };
		BAF76B611A0D314700D2CC13 /* BookCell.xib in Resources */ = {isa = PBXBuildFile; fileRef = BAF76B5F1A0D314700D2CC13 /* BookCell.xib */; };
		BAF76B651A0D3F1200D2CC13 /* mascara_transparente.png in Resources */ = {isa = PBXBuildFile; fileRef = BAF76B641A0D3F1200D2CC13 /* mascara_transparente.png */; };
		BAF76B671A0D3F3D00D2CC13 /* mascara_branca.png in Resources */ = {isa = PBXBuildFile; fileRef = BAF76B661A0D3F3D00D2CC13 /* mascara_branca.png */; };
		BAF9550B1A0A4B2C00277B94 /* LivroCellTableViewCell.m in Sources */ = {isa = PBXBuildFile; fileRef = BAF955091A0A4B2C00277B94 /* LivroCellTableViewCell.m */; };
		BAF9550C1A0A4B2C00277B94 /* LivroCellTableViewCell.xib in Resources */ = {isa = PBXBuildFile; fileRef = BAF9550A1A0A4B2C00277B94 /* LivroCellTableViewCell.xib */; };
		BAF9550F1A0A4B6D00277B94 /* RootViewController.m in Sources */ = {isa = PBXBuildFile; fileRef = BAF9550E1A0A4B6D00277B94 /* RootViewController.m */; };
		BAF955141A0A4BA300277B94 /* ATSDragToReorderTableViewController.m in Sources */ = {isa = PBXBuildFile; fileRef = BAF955121A0A4BA300277B94 /* ATSDragToReorderTableViewController.m */; };
		BAF9551E1A0A7B7200277B94 /* Home.m in Sources */ = {isa = PBXBuildFile; fileRef = BAF9551C1A0A7B7200277B94 /* Home.m */; };
		BAF9551F1A0A7B7200277B94 /* Home.xib in Resources */ = {isa = PBXBuildFile; fileRef = BAF9551D1A0A7B7200277B94 /* Home.xib */; };
		BAF9555A1A0A9D6900277B94 /* btnaddbook@2x.png in Resources */ = {isa = PBXBuildFile; fileRef = BAF955371A0A9D6900277B94 /* btnaddbook@2x.png */; };
		BAF9555B1A0A9D6900277B94 /* btnaddbook@3x.png in Resources */ = {isa = PBXBuildFile; fileRef = BAF955381A0A9D6900277B94 /* btnaddbook@3x.png */; };
		BAF9555C1A0A9D6900277B94 /* btnbook1@2x.png in Resources */ = {isa = PBXBuildFile; fileRef = BAF955391A0A9D6900277B94 /* btnbook1@2x.png */; };
		BAF9555D1A0A9D6900277B94 /* btnbook1@3x.png in Resources */ = {isa = PBXBuildFile; fileRef = BAF9553A1A0A9D6900277B94 /* btnbook1@3x.png */; };
		BAF9555E1A0A9D6900277B94 /* btnbook2@2x.png in Resources */ = {isa = PBXBuildFile; fileRef = BAF9553B1A0A9D6900277B94 /* btnbook2@2x.png */; };
		BAF9555F1A0A9D6900277B94 /* btnbook2@3x.png in Resources */ = {isa = PBXBuildFile; fileRef = BAF9553C1A0A9D6900277B94 /* btnbook2@3x.png */; };
		BAF955601A0A9D6900277B94 /* btncall1@2x.png in Resources */ = {isa = PBXBuildFile; fileRef = BAF9553D1A0A9D6900277B94 /* btncall1@2x.png */; };
		BAF955611A0A9D6900277B94 /* btncall1@3x.png in Resources */ = {isa = PBXBuildFile; fileRef = BAF9553E1A0A9D6900277B94 /* btncall1@3x.png */; };
		BAF955621A0A9D6900277B94 /* btncall2@2x.png in Resources */ = {isa = PBXBuildFile; fileRef = BAF9553F1A0A9D6900277B94 /* btncall2@2x.png */; };
		BAF955631A0A9D6900277B94 /* btncall2@3x.png in Resources */ = {isa = PBXBuildFile; fileRef = BAF955401A0A9D6900277B94 /* btncall2@3x.png */; };
		BAF955641A0A9D6900277B94 /* btndelet1@2x.png in Resources */ = {isa = PBXBuildFile; fileRef = BAF955411A0A9D6900277B94 /* btndelet1@2x.png */; };
		BAF955651A0A9D6900277B94 /* btndelet1@3x.png in Resources */ = {isa = PBXBuildFile; fileRef = BAF955421A0A9D6900277B94 /* btndelet1@3x.png */; };
		BAF955661A0A9D6900277B94 /* btndelet2@2x.png in Resources */ = {isa = PBXBuildFile; fileRef = BAF955431A0A9D6900277B94 /* btndelet2@2x.png */; };
		BAF955671A0A9D6900277B94 /* btndelet2@3x.png in Resources */ = {isa = PBXBuildFile; fileRef = BAF955441A0A9D6900277B94 /* btndelet2@3x.png */; };
		BAF955681A0A9D6900277B94 /* btnedit1@2x.png in Resources */ = {isa = PBXBuildFile; fileRef = BAF955451A0A9D6900277B94 /* btnedit1@2x.png */; };
		BAF955691A0A9D6900277B94 /* btnedit1@3x.png in Resources */ = {isa = PBXBuildFile; fileRef = BAF955461A0A9D6900277B94 /* btnedit1@3x.png */; };
		BAF9556A1A0A9D6900277B94 /* btnedit2@2x.png in Resources */ = {isa = PBXBuildFile; fileRef = BAF955471A0A9D6900277B94 /* btnedit2@2x.png */; };
		BAF9556B1A0A9D6900277B94 /* btnedit2@3x.png in Resources */ = {isa = PBXBuildFile; fileRef = BAF955481A0A9D6900277B94 /* btnedit2@3x.png */; };
		BAF9556C1A0A9D6900277B94 /* btnfeatured1@2x.png in Resources */ = {isa = PBXBuildFile; fileRef = BAF955491A0A9D6900277B94 /* btnfeatured1@2x.png */; };
		BAF9556D1A0A9D6900277B94 /* btnfeatured1@3x.png in Resources */ = {isa = PBXBuildFile; fileRef = BAF9554A1A0A9D6900277B94 /* btnfeatured1@3x.png */; };
		BAF9556E1A0A9D6900277B94 /* btnfeatured2@2x.png in Resources */ = {isa = PBXBuildFile; fileRef = BAF9554B1A0A9D6900277B94 /* btnfeatured2@2x.png */; };
		BAF9556F1A0A9D6900277B94 /* btnfeatured2@3x.png in Resources */ = {isa = PBXBuildFile; fileRef = BAF9554C1A0A9D6900277B94 /* btnfeatured2@3x.png */; };
		BAF955701A0A9D6900277B94 /* btnmosaic@2x.png in Resources */ = {isa = PBXBuildFile; fileRef = BAF9554D1A0A9D6900277B94 /* btnmosaic@2x.png */; };
		BAF955711A0A9D6900277B94 /* btnmosaic@3x.png in Resources */ = {isa = PBXBuildFile; fileRef = BAF9554E1A0A9D6900277B94 /* btnmosaic@3x.png */; };
		BAF955721A0A9D6900277B94 /* btnsearch@2x.png in Resources */ = {isa = PBXBuildFile; fileRef = BAF9554F1A0A9D6900277B94 /* btnsearch@2x.png */; };
		BAF955731A0A9D6900277B94 /* btnsearch@3x.png in Resources */ = {isa = PBXBuildFile; fileRef = BAF955501A0A9D6900277B94 /* btnsearch@3x.png */; };
		BAF955741A0A9D6900277B94 /* btnsetting1@2x.png in Resources */ = {isa = PBXBuildFile; fileRef = BAF955511A0A9D6900277B94 /* btnsetting1@2x.png */; };
		BAF955751A0A9D6900277B94 /* btnsetting1@3x.png in Resources */ = {isa = PBXBuildFile; fileRef = BAF955521A0A9D6900277B94 /* btnsetting1@3x.png */; };
		BAF955761A0A9D6900277B94 /* btnsetting2@2x.png in Resources */ = {isa = PBXBuildFile; fileRef = BAF955531A0A9D6900277B94 /* btnsetting2@2x.png */; };
		BAF955771A0A9D6900277B94 /* btnsetting2@3x.png in Resources */ = {isa = PBXBuildFile; fileRef = BAF955541A0A9D6900277B94 /* btnsetting2@3x.png */; };
		BAF955781A0A9D6900277B94 /* btnshop1@2x.png in Resources */ = {isa = PBXBuildFile; fileRef = BAF955551A0A9D6900277B94 /* btnshop1@2x.png */; };
		BAF955791A0A9D6900277B94 /* btnshop1@3x.png in Resources */ = {isa = PBXBuildFile; fileRef = BAF955561A0A9D6900277B94 /* btnshop1@3x.png */; };
		BAF9557A1A0A9D6900277B94 /* btnshop2@2x.png in Resources */ = {isa = PBXBuildFile; fileRef = BAF955571A0A9D6900277B94 /* btnshop2@2x.png */; };
		BAF9557B1A0A9D6900277B94 /* btnshop2@3x.png in Resources */ = {isa = PBXBuildFile; fileRef = BAF955581A0A9D6900277B94 /* btnshop2@3x.png */; };
		BAF9557C1A0A9D6900277B94 /* imgsample001.jpg in Resources */ = {isa = PBXBuildFile; fileRef = BAF955591A0A9D6900277B94 /* imgsample001.jpg */; };
		CE253F991A10B9C7003DA45C /* HeaderNewReceita.m in Sources */ = {isa = PBXBuildFile; fileRef = CE253F941A10B9C7003DA45C /* HeaderNewReceita.m */; };
		CE253F9A1A10B9C7003DA45C /* HeaderNewReceita.xib in Resources */ = {isa = PBXBuildFile; fileRef = CE253F951A10B9C7003DA45C /* HeaderNewReceita.xib */; };
		CE253F9B1A10B9C7003DA45C /* NewReceita.m in Sources */ = {isa = PBXBuildFile; fileRef = CE253F971A10B9C7003DA45C /* NewReceita.m */; };
		CE253F9C1A10B9C7003DA45C /* NewReceita.xib in Resources */ = {isa = PBXBuildFile; fileRef = CE253F981A10B9C7003DA45C /* NewReceita.xib */; };
		CE253FA11A10BB27003DA45C /* btnphoto1@2x.png in Resources */ = {isa = PBXBuildFile; fileRef = CE253F9D1A10BB27003DA45C /* btnphoto1@2x.png */; };
		CE253FA21A10BB27003DA45C /* btnphoto1@3x.png in Resources */ = {isa = PBXBuildFile; fileRef = CE253F9E1A10BB27003DA45C /* btnphoto1@3x.png */; };
		CE253FA31A10BB27003DA45C /* btnphoto2@2x.png in Resources */ = {isa = PBXBuildFile; fileRef = CE253F9F1A10BB27003DA45C /* btnphoto2@2x.png */; };
		CE253FA41A10BB27003DA45C /* btnphoto2@3x.png in Resources */ = {isa = PBXBuildFile; fileRef = CE253FA01A10BB27003DA45C /* btnphoto2@3x.png */; };
		CE253FA81A10C290003DA45C /* FooterNewReceita.m in Sources */ = {isa = PBXBuildFile; fileRef = CE253FA61A10C290003DA45C /* FooterNewReceita.m */; };
		CE253FA91A10C290003DA45C /* FooterNewReceita.xib in Resources */ = {isa = PBXBuildFile; fileRef = CE253FA71A10C290003DA45C /* FooterNewReceita.xib */; };
		CE3AE16F1A0BC9BB006C4B2E /* ReceitasCell.m in Sources */ = {isa = PBXBuildFile; fileRef = CE3AE16A1A0BC9BB006C4B2E /* ReceitasCell.m */; };
		CE3AE1701A0BC9BB006C4B2E /* ReceitasCell.xib in Resources */ = {isa = PBXBuildFile; fileRef = CE3AE16B1A0BC9BB006C4B2E /* ReceitasCell.xib */; };
		CE3AE1711A0BC9BB006C4B2E /* ReceitasController.m in Sources */ = {isa = PBXBuildFile; fileRef = CE3AE16D1A0BC9BB006C4B2E /* ReceitasController.m */; };
		CE3AE1721A0BC9BB006C4B2E /* ReceitasController.xib in Resources */ = {isa = PBXBuildFile; fileRef = CE3AE16E1A0BC9BB006C4B2E /* ReceitasController.xib */; };
		CE3AE1751A0BEEAC006C4B2E /* btleft3@2x.png in Resources */ = {isa = PBXBuildFile; fileRef = CE3AE1731A0BEEAC006C4B2E /* btleft3@2x.png */; };
		CE3AE1761A0BEEAC006C4B2E /* btleft3@3x.png in Resources */ = {isa = PBXBuildFile; fileRef = CE3AE1741A0BEEAC006C4B2E /* btleft3@3x.png */; };
		CE4660391A0BC77600ED496C /* Receita.m in Sources */ = {isa = PBXBuildFile; fileRef = CE4660371A0BC77600ED496C /* Receita.m */; };
		CE46603A1A0BC77600ED496C /* Receita.xib in Resources */ = {isa = PBXBuildFile; fileRef = CE4660381A0BC77600ED496C /* Receita.xib */; };
		CE475F241A0CCEB500D33A1A /* NewBook.m in Sources */ = {isa = PBXBuildFile; fileRef = CE475F221A0CCEB500D33A1A /* NewBook.m */; };
		CE475F251A0CCEB500D33A1A /* NewBook.xib in Resources */ = {isa = PBXBuildFile; fileRef = CE475F231A0CCEB500D33A1A /* NewBook.xib */; };
		CE4983FB1A0A90B7009EC1A4 /* TGLExposedLayout.m in Sources */ = {isa = PBXBuildFile; fileRef = CE4983F61A0A90B7009EC1A4 /* TGLExposedLayout.m */; };
		CE4983FC1A0A90B7009EC1A4 /* TGLStackedLayout.m in Sources */ = {isa = PBXBuildFile; fileRef = CE4983F81A0A90B7009EC1A4 /* TGLStackedLayout.m */; };
		CE4983FD1A0A90B7009EC1A4 /* TGLStackedViewController.m in Sources */ = {isa = PBXBuildFile; fileRef = CE4983FA1A0A90B7009EC1A4 /* TGLStackedViewController.m */; };
		CE49840F1A0A9188009EC1A4 /* HeaderReceita.m in Sources */ = {isa = PBXBuildFile; fileRef = CE49840D1A0A9188009EC1A4 /* HeaderReceita.m */; };
		CE4984101A0A9188009EC1A4 /* HeaderReceita.xib in Resources */ = {isa = PBXBuildFile; fileRef = CE49840E1A0A9188009EC1A4 /* HeaderReceita.xib */; };
/* End PBXBuildFile section */

/* Begin PBXContainerItemProxy section */
		BAC639661A07ED420049E3BD /* PBXContainerItemProxy */ = {
			isa = PBXContainerItemProxy;
			containerPortal = BAC639411A07ED420049E3BD /* Project object */;
			proxyType = 1;
			remoteGlobalIDString = BAC639481A07ED420049E3BD;
			remoteInfo = Fucook;
		};
/* End PBXContainerItemProxy section */

/* Begin PBXFileReference section */
		BA05F5821A08D24300E752E7 /* background.png */ = {isa = PBXFileReference; lastKnownFileType = image.png; path = background.png; sourceTree = "<group>"; };
		BA05F5831A08D24300E752E7 /* page.png */ = {isa = PBXFileReference; lastKnownFileType = image.png; path = page.png; sourceTree = "<group>"; };
		BA05F5841A08D24300E752E7 /* placeholder.png */ = {isa = PBXFileReference; lastKnownFileType = image.png; path = placeholder.png; sourceTree = "<group>"; };
		BAC639491A07ED420049E3BD /* Fucook.app */ = {isa = PBXFileReference; explicitFileType = wrapper.application; includeInIndex = 0; path = Fucook.app; sourceTree = BUILT_PRODUCTS_DIR; };
		BAC6394D1A07ED420049E3BD /* Info.plist */ = {isa = PBXFileReference; lastKnownFileType = text.plist.xml; path = Info.plist; sourceTree = "<group>"; };
		BAC6394E1A07ED420049E3BD /* main.m */ = {isa = PBXFileReference; lastKnownFileType = sourcecode.c.objc; path = main.m; sourceTree = "<group>"; };
		BAC639501A07ED420049E3BD /* AppDelegate.h */ = {isa = PBXFileReference; lastKnownFileType = sourcecode.c.h; path = AppDelegate.h; sourceTree = "<group>"; };
		BAC639511A07ED420049E3BD /* AppDelegate.m */ = {isa = PBXFileReference; lastKnownFileType = sourcecode.c.objc; path = AppDelegate.m; sourceTree = "<group>"; };
		BAC639541A07ED420049E3BD /* Fucook.xcdatamodel */ = {isa = PBXFileReference; lastKnownFileType = wrapper.xcdatamodel; path = Fucook.xcdatamodel; sourceTree = "<group>"; };
		BAC6395C1A07ED420049E3BD /* Images.xcassets */ = {isa = PBXFileReference; lastKnownFileType = folder.assetcatalog; path = Images.xcassets; sourceTree = "<group>"; };
		BAC639651A07ED420049E3BD /* FucookTests.xctest */ = {isa = PBXFileReference; explicitFileType = wrapper.cfbundle; includeInIndex = 0; path = FucookTests.xctest; sourceTree = BUILT_PRODUCTS_DIR; };
		BAC6396A1A07ED420049E3BD /* Info.plist */ = {isa = PBXFileReference; lastKnownFileType = text.plist.xml; path = Info.plist; sourceTree = "<group>"; };
		BAC6396B1A07ED420049E3BD /* FucookTests.m */ = {isa = PBXFileReference; lastKnownFileType = sourcecode.c.objc; path = FucookTests.m; sourceTree = "<group>"; };
		BAC639811A07F0C40049E3BD /* Book.h */ = {isa = PBXFileReference; fileEncoding = 4; lastKnownFileType = sourcecode.c.h; name = Book.h; path = "Fucook/untitled folder/Book.h"; sourceTree = "<group>"; };
		BAC639821A07F0C40049E3BD /* Book.m */ = {isa = PBXFileReference; fileEncoding = 4; lastKnownFileType = sourcecode.c.objc; name = Book.m; path = "Fucook/untitled folder/Book.m"; sourceTree = "<group>"; };
		BAC639831A07F0C40049E3BD /* Book.xib */ = {isa = PBXFileReference; fileEncoding = 4; lastKnownFileType = file.xib; name = Book.xib; path = "Fucook/untitled folder/Book.xib"; sourceTree = "<group>"; };
		BAC639871A07F10A0049E3BD /* mzl.khrfwdoi.jpg */ = {isa = PBXFileReference; lastKnownFileType = image.jpeg; path = mzl.khrfwdoi.jpg; sourceTree = "<group>"; };
		BAF66E261A0B7DA900E90B7D /* imgbckhome@2x.png */ = {isa = PBXFileReference; lastKnownFileType = image.png; name = "imgbckhome@2x.png"; path = "imgs/imgbckhome@2x.png"; sourceTree = "<group>"; };
		BAF66E271A0B7DA900E90B7D /* imgbckhome@3x.png */ = {isa = PBXFileReference; lastKnownFileType = image.png; name = "imgbckhome@3x.png"; path = "imgs/imgbckhome@3x.png"; sourceTree = "<group>"; };
		BAF66E2A1A0B809800E90B7D /* imgbookcut@3x.png */ = {isa = PBXFileReference; lastKnownFileType = image.png; name = "imgbookcut@3x.png"; path = "imgs/imgbookcut@3x.png"; sourceTree = "<group>"; };
		BAF66E2C1A0B851600E90B7D /* imgbookslice@2x.png */ = {isa = PBXFileReference; lastKnownFileType = image.png; name = "imgbookslice@2x.png"; path = "imgs/imgbookslice@2x.png"; sourceTree = "<group>"; };
		BAF66E2D1A0B851600E90B7D /* imgbookslice@3x.png */ = {isa = PBXFileReference; lastKnownFileType = image.png; name = "imgbookslice@3x.png"; path = "imgs/imgbookslice@3x.png"; sourceTree = "<group>"; };
		BAF76B461A0CCE6B00D2CC13 /* CollectionLivros.h */ = {isa = PBXFileReference; fileEncoding = 4; lastKnownFileType = sourcecode.c.h; name = CollectionLivros.h; path = CollectionLivros/CollectionLivros.h; sourceTree = "<group>"; };
		BAF76B471A0CCE6B00D2CC13 /* CollectionLivros.m */ = {isa = PBXFileReference; fileEncoding = 4; lastKnownFileType = sourcecode.c.objc; name = CollectionLivros.m; path = CollectionLivros/CollectionLivros.m; sourceTree = "<group>"; };
		BAF76B481A0CCE6B00D2CC13 /* CollectionLivros.xib */ = {isa = PBXFileReference; fileEncoding = 4; lastKnownFileType = file.xib; name = CollectionLivros.xib; path = CollectionLivros/CollectionLivros.xib; sourceTree = "<group>"; };
		BAF76B4C1A0CCEA800D2CC13 /* CollectionLivroCellCollectionViewCell.h */ = {isa = PBXFileReference; fileEncoding = 4; lastKnownFileType = sourcecode.c.h; name = CollectionLivroCellCollectionViewCell.h; path = CollectionLivros/CollectionLivroCellCollectionViewCell.h; sourceTree = "<group>"; };
		BAF76B4D1A0CCEA800D2CC13 /* CollectionLivroCellCollectionViewCell.m */ = {isa = PBXFileReference; fileEncoding = 4; lastKnownFileType = sourcecode.c.objc; name = CollectionLivroCellCollectionViewCell.m; path = CollectionLivros/CollectionLivroCellCollectionViewCell.m; sourceTree = "<group>"; };
		BAF76B4E1A0CCEA800D2CC13 /* CollectionLivroCellCollectionViewCell.xib */ = {isa = PBXFileReference; fileEncoding = 4; lastKnownFileType = file.xib; name = CollectionLivroCellCollectionViewCell.xib; path = CollectionLivros/CollectionLivroCellCollectionViewCell.xib; sourceTree = "<group>"; };
		BAF76B521A0D0FD200D2CC13 /* Settings.h */ = {isa = PBXFileReference; fileEncoding = 4; lastKnownFileType = sourcecode.c.h; name = Settings.h; path = Setings/Settings.h; sourceTree = "<group>"; };
		BAF76B531A0D0FD200D2CC13 /* Settings.m */ = {isa = PBXFileReference; fileEncoding = 4; lastKnownFileType = sourcecode.c.objc; name = Settings.m; path = Setings/Settings.m; sourceTree = "<group>"; };
		BAF76B541A0D0FD200D2CC13 /* Settings.xib */ = {isa = PBXFileReference; fileEncoding = 4; lastKnownFileType = file.xib; name = Settings.xib; path = Setings/Settings.xib; sourceTree = "<group>"; };
		BAF76B591A0D2AAE00D2CC13 /* DragableTableReceitas.h */ = {isa = PBXFileReference; fileEncoding = 4; lastKnownFileType = sourcecode.c.h; name = DragableTableReceitas.h; path = Fucook/Book/DragableTableReceitas.h; sourceTree = "<group>"; };
		BAF76B5A1A0D2AAE00D2CC13 /* DragableTableReceitas.m */ = {isa = PBXFileReference; fileEncoding = 4; lastKnownFileType = sourcecode.c.objc; name = DragableTableReceitas.m; path = Fucook/Book/DragableTableReceitas.m; sourceTree = "<group>"; };
		BAF76B5D1A0D314700D2CC13 /* BookCell.h */ = {isa = PBXFileReference; fileEncoding = 4; lastKnownFileType = sourcecode.c.h; name = BookCell.h; path = Fucook/BookCell.h; sourceTree = "<group>"; };
		BAF76B5E1A0D314700D2CC13 /* BookCell.m */ = {isa = PBXFileReference; fileEncoding = 4; lastKnownFileType = sourcecode.c.objc; name = BookCell.m; path = Fucook/BookCell.m; sourceTree = "<group>"; };
		BAF76B5F1A0D314700D2CC13 /* BookCell.xib */ = {isa = PBXFileReference; fileEncoding = 4; lastKnownFileType = file.xib; name = BookCell.xib; path = Fucook/BookCell.xib; sourceTree = "<group>"; };
		BAF76B641A0D3F1200D2CC13 /* mascara_transparente.png */ = {isa = PBXFileReference; lastKnownFileType = image.png; name = mascara_transparente.png; path = Fucook/Imagens/mascara_transparente.png; sourceTree = "<group>"; };
		BAF76B661A0D3F3D00D2CC13 /* mascara_branca.png */ = {isa = PBXFileReference; lastKnownFileType = image.png; name = mascara_branca.png; path = Fucook/Imagens/mascara_branca.png; sourceTree = "<group>"; };
		BAF955081A0A4B2C00277B94 /* LivroCellTableViewCell.h */ = {isa = PBXFileReference; fileEncoding = 4; lastKnownFileType = sourcecode.c.h; path = LivroCellTableViewCell.h; sourceTree = "<group>"; };
		BAF955091A0A4B2C00277B94 /* LivroCellTableViewCell.m */ = {isa = PBXFileReference; fileEncoding = 4; lastKnownFileType = sourcecode.c.objc; path = LivroCellTableViewCell.m; sourceTree = "<group>"; };
		BAF9550A1A0A4B2C00277B94 /* LivroCellTableViewCell.xib */ = {isa = PBXFileReference; fileEncoding = 4; lastKnownFileType = file.xib; path = LivroCellTableViewCell.xib; sourceTree = "<group>"; };
		BAF9550D1A0A4B6D00277B94 /* RootViewController.h */ = {isa = PBXFileReference; fileEncoding = 4; lastKnownFileType = sourcecode.c.h; path = RootViewController.h; sourceTree = "<group>"; };
		BAF9550E1A0A4B6D00277B94 /* RootViewController.m */ = {isa = PBXFileReference; fileEncoding = 4; lastKnownFileType = sourcecode.c.objc; path = RootViewController.m; sourceTree = "<group>"; };
		BAF955111A0A4BA300277B94 /* ATSDragToReorderTableViewController.h */ = {isa = PBXFileReference; fileEncoding = 4; lastKnownFileType = sourcecode.c.h; path = ATSDragToReorderTableViewController.h; sourceTree = "<group>"; };
		BAF955121A0A4BA300277B94 /* ATSDragToReorderTableViewController.m */ = {isa = PBXFileReference; fileEncoding = 4; lastKnownFileType = sourcecode.c.objc; path = ATSDragToReorderTableViewController.m; sourceTree = "<group>"; };
		BAF955131A0A4BA300277B94 /* Reordering_Prefix.pch */ = {isa = PBXFileReference; fileEncoding = 4; lastKnownFileType = sourcecode.c.h; path = Reordering_Prefix.pch; sourceTree = "<group>"; };
		BAF9551B1A0A7B7200277B94 /* Home.h */ = {isa = PBXFileReference; fileEncoding = 4; lastKnownFileType = sourcecode.c.h; name = Home.h; path = Home/Home.h; sourceTree = SOURCE_ROOT; };
		BAF9551C1A0A7B7200277B94 /* Home.m */ = {isa = PBXFileReference; fileEncoding = 4; lastKnownFileType = sourcecode.c.objc; name = Home.m; path = Home/Home.m; sourceTree = SOURCE_ROOT; };
		BAF9551D1A0A7B7200277B94 /* Home.xib */ = {isa = PBXFileReference; fileEncoding = 4; lastKnownFileType = file.xib; name = Home.xib; path = Home/Home.xib; sourceTree = SOURCE_ROOT; };
		BAF955371A0A9D6900277B94 /* btnaddbook@2x.png */ = {isa = PBXFileReference; lastKnownFileType = image.png; name = "btnaddbook@2x.png"; path = "imgs/btnaddbook@2x.png"; sourceTree = "<group>"; };
		BAF955381A0A9D6900277B94 /* btnaddbook@3x.png */ = {isa = PBXFileReference; lastKnownFileType = image.png; name = "btnaddbook@3x.png"; path = "imgs/btnaddbook@3x.png"; sourceTree = "<group>"; };
		BAF955391A0A9D6900277B94 /* btnbook1@2x.png */ = {isa = PBXFileReference; lastKnownFileType = image.png; name = "btnbook1@2x.png"; path = "imgs/btnbook1@2x.png"; sourceTree = "<group>"; };
		BAF9553A1A0A9D6900277B94 /* btnbook1@3x.png */ = {isa = PBXFileReference; lastKnownFileType = image.png; name = "btnbook1@3x.png"; path = "imgs/btnbook1@3x.png"; sourceTree = "<group>"; };
		BAF9553B1A0A9D6900277B94 /* btnbook2@2x.png */ = {isa = PBXFileReference; lastKnownFileType = image.png; name = "btnbook2@2x.png"; path = "imgs/btnbook2@2x.png"; sourceTree = "<group>"; };
		BAF9553C1A0A9D6900277B94 /* btnbook2@3x.png */ = {isa = PBXFileReference; lastKnownFileType = image.png; name = "btnbook2@3x.png"; path = "imgs/btnbook2@3x.png"; sourceTree = "<group>"; };
		BAF9553D1A0A9D6900277B94 /* btncall1@2x.png */ = {isa = PBXFileReference; lastKnownFileType = image.png; name = "btncall1@2x.png"; path = "imgs/btncall1@2x.png"; sourceTree = "<group>"; };
		BAF9553E1A0A9D6900277B94 /* btncall1@3x.png */ = {isa = PBXFileReference; lastKnownFileType = image.png; name = "btncall1@3x.png"; path = "imgs/btncall1@3x.png"; sourceTree = "<group>"; };
		BAF9553F1A0A9D6900277B94 /* btncall2@2x.png */ = {isa = PBXFileReference; lastKnownFileType = image.png; name = "btncall2@2x.png"; path = "imgs/btncall2@2x.png"; sourceTree = "<group>"; };
		BAF955401A0A9D6900277B94 /* btncall2@3x.png */ = {isa = PBXFileReference; lastKnownFileType = image.png; name = "btncall2@3x.png"; path = "imgs/btncall2@3x.png"; sourceTree = "<group>"; };
		BAF955411A0A9D6900277B94 /* btndelet1@2x.png */ = {isa = PBXFileReference; lastKnownFileType = image.png; name = "btndelet1@2x.png"; path = "imgs/btndelet1@2x.png"; sourceTree = "<group>"; };
		BAF955421A0A9D6900277B94 /* btndelet1@3x.png */ = {isa = PBXFileReference; lastKnownFileType = image.png; name = "btndelet1@3x.png"; path = "imgs/btndelet1@3x.png"; sourceTree = "<group>"; };
		BAF955431A0A9D6900277B94 /* btndelet2@2x.png */ = {isa = PBXFileReference; lastKnownFileType = image.png; name = "btndelet2@2x.png"; path = "imgs/btndelet2@2x.png"; sourceTree = "<group>"; };
		BAF955441A0A9D6900277B94 /* btndelet2@3x.png */ = {isa = PBXFileReference; lastKnownFileType = image.png; name = "btndelet2@3x.png"; path = "imgs/btndelet2@3x.png"; sourceTree = "<group>"; };
		BAF955451A0A9D6900277B94 /* btnedit1@2x.png */ = {isa = PBXFileReference; lastKnownFileType = image.png; name = "btnedit1@2x.png"; path = "imgs/btnedit1@2x.png"; sourceTree = "<group>"; };
		BAF955461A0A9D6900277B94 /* btnedit1@3x.png */ = {isa = PBXFileReference; lastKnownFileType = image.png; name = "btnedit1@3x.png"; path = "imgs/btnedit1@3x.png"; sourceTree = "<group>"; };
		BAF955471A0A9D6900277B94 /* btnedit2@2x.png */ = {isa = PBXFileReference; lastKnownFileType = image.png; name = "btnedit2@2x.png"; path = "imgs/btnedit2@2x.png"; sourceTree = "<group>"; };
		BAF955481A0A9D6900277B94 /* btnedit2@3x.png */ = {isa = PBXFileReference; lastKnownFileType = image.png; name = "btnedit2@3x.png"; path = "imgs/btnedit2@3x.png"; sourceTree = "<group>"; };
		BAF955491A0A9D6900277B94 /* btnfeatured1@2x.png */ = {isa = PBXFileReference; lastKnownFileType = image.png; name = "btnfeatured1@2x.png"; path = "imgs/btnfeatured1@2x.png"; sourceTree = "<group>"; };
		BAF9554A1A0A9D6900277B94 /* btnfeatured1@3x.png */ = {isa = PBXFileReference; lastKnownFileType = image.png; name = "btnfeatured1@3x.png"; path = "imgs/btnfeatured1@3x.png"; sourceTree = "<group>"; };
		BAF9554B1A0A9D6900277B94 /* btnfeatured2@2x.png */ = {isa = PBXFileReference; lastKnownFileType = image.png; name = "btnfeatured2@2x.png"; path = "imgs/btnfeatured2@2x.png"; sourceTree = "<group>"; };
		BAF9554C1A0A9D6900277B94 /* btnfeatured2@3x.png */ = {isa = PBXFileReference; lastKnownFileType = image.png; name = "btnfeatured2@3x.png"; path = "imgs/btnfeatured2@3x.png"; sourceTree = "<group>"; };
		BAF9554D1A0A9D6900277B94 /* btnmosaic@2x.png */ = {isa = PBXFileReference; lastKnownFileType = image.png; name = "btnmosaic@2x.png"; path = "imgs/btnmosaic@2x.png"; sourceTree = "<group>"; };
		BAF9554E1A0A9D6900277B94 /* btnmosaic@3x.png */ = {isa = PBXFileReference; lastKnownFileType = image.png; name = "btnmosaic@3x.png"; path = "imgs/btnmosaic@3x.png"; sourceTree = "<group>"; };
		BAF9554F1A0A9D6900277B94 /* btnsearch@2x.png */ = {isa = PBXFileReference; lastKnownFileType = image.png; name = "btnsearch@2x.png"; path = "imgs/btnsearch@2x.png"; sourceTree = "<group>"; };
		BAF955501A0A9D6900277B94 /* btnsearch@3x.png */ = {isa = PBXFileReference; lastKnownFileType = image.png; name = "btnsearch@3x.png"; path = "imgs/btnsearch@3x.png"; sourceTree = "<group>"; };
		BAF955511A0A9D6900277B94 /* btnsetting1@2x.png */ = {isa = PBXFileReference; lastKnownFileType = image.png; name = "btnsetting1@2x.png"; path = "imgs/btnsetting1@2x.png"; sourceTree = "<group>"; };
		BAF955521A0A9D6900277B94 /* btnsetting1@3x.png */ = {isa = PBXFileReference; lastKnownFileType = image.png; name = "btnsetting1@3x.png"; path = "imgs/btnsetting1@3x.png"; sourceTree = "<group>"; };
		BAF955531A0A9D6900277B94 /* btnsetting2@2x.png */ = {isa = PBXFileReference; lastKnownFileType = image.png; name = "btnsetting2@2x.png"; path = "imgs/btnsetting2@2x.png"; sourceTree = "<group>"; };
		BAF955541A0A9D6900277B94 /* btnsetting2@3x.png */ = {isa = PBXFileReference; lastKnownFileType = image.png; name = "btnsetting2@3x.png"; path = "imgs/btnsetting2@3x.png"; sourceTree = "<group>"; };
		BAF955551A0A9D6900277B94 /* btnshop1@2x.png */ = {isa = PBXFileReference; lastKnownFileType = image.png; name = "btnshop1@2x.png"; path = "imgs/btnshop1@2x.png"; sourceTree = "<group>"; };
		BAF955561A0A9D6900277B94 /* btnshop1@3x.png */ = {isa = PBXFileReference; lastKnownFileType = image.png; name = "btnshop1@3x.png"; path = "imgs/btnshop1@3x.png"; sourceTree = "<group>"; };
		BAF955571A0A9D6900277B94 /* btnshop2@2x.png */ = {isa = PBXFileReference; lastKnownFileType = image.png; name = "btnshop2@2x.png"; path = "imgs/btnshop2@2x.png"; sourceTree = "<group>"; };
		BAF955581A0A9D6900277B94 /* btnshop2@3x.png */ = {isa = PBXFileReference; lastKnownFileType = image.png; name = "btnshop2@3x.png"; path = "imgs/btnshop2@3x.png"; sourceTree = "<group>"; };
		BAF955591A0A9D6900277B94 /* imgsample001.jpg */ = {isa = PBXFileReference; lastKnownFileType = image.jpeg; name = imgsample001.jpg; path = imgs/imgsample001.jpg; sourceTree = "<group>"; };
		CE253F931A10B9C7003DA45C /* HeaderNewReceita.h */ = {isa = PBXFileReference; fileEncoding = 4; lastKnownFileType = sourcecode.c.h; name = HeaderNewReceita.h; path = Fucook/NewReceita/HeaderNewReceita.h; sourceTree = "<group>"; };
		CE253F941A10B9C7003DA45C /* HeaderNewReceita.m */ = {isa = PBXFileReference; fileEncoding = 4; lastKnownFileType = sourcecode.c.objc; name = HeaderNewReceita.m; path = Fucook/NewReceita/HeaderNewReceita.m; sourceTree = "<group>"; };
		CE253F951A10B9C7003DA45C /* HeaderNewReceita.xib */ = {isa = PBXFileReference; fileEncoding = 4; lastKnownFileType = file.xib; name = HeaderNewReceita.xib; path = Fucook/NewReceita/HeaderNewReceita.xib; sourceTree = "<group>"; };
		CE253F961A10B9C7003DA45C /* NewReceita.h */ = {isa = PBXFileReference; fileEncoding = 4; lastKnownFileType = sourcecode.c.h; name = NewReceita.h; path = Fucook/NewReceita/NewReceita.h; sourceTree = "<group>"; };
		CE253F971A10B9C7003DA45C /* NewReceita.m */ = {isa = PBXFileReference; fileEncoding = 4; lastKnownFileType = sourcecode.c.objc; name = NewReceita.m; path = Fucook/NewReceita/NewReceita.m; sourceTree = "<group>"; };
		CE253F981A10B9C7003DA45C /* NewReceita.xib */ = {isa = PBXFileReference; fileEncoding = 4; lastKnownFileType = file.xib; name = NewReceita.xib; path = Fucook/NewReceita/NewReceita.xib; sourceTree = "<group>"; };
		CE253F9D1A10BB27003DA45C /* btnphoto1@2x.png */ = {isa = PBXFileReference; lastKnownFileType = image.png; name = "btnphoto1@2x.png"; path = "Fucook/Imagens/btnphoto1@2x.png"; sourceTree = "<group>"; };
		CE253F9E1A10BB27003DA45C /* btnphoto1@3x.png */ = {isa = PBXFileReference; lastKnownFileType = image.png; name = "btnphoto1@3x.png"; path = "Fucook/Imagens/btnphoto1@3x.png"; sourceTree = "<group>"; };
		CE253F9F1A10BB27003DA45C /* btnphoto2@2x.png */ = {isa = PBXFileReference; lastKnownFileType = image.png; name = "btnphoto2@2x.png"; path = "Fucook/Imagens/btnphoto2@2x.png"; sourceTree = "<group>"; };
		CE253FA01A10BB27003DA45C /* btnphoto2@3x.png */ = {isa = PBXFileReference; lastKnownFileType = image.png; name = "btnphoto2@3x.png"; path = "Fucook/Imagens/btnphoto2@3x.png"; sourceTree = "<group>"; };
		CE253FA51A10C290003DA45C /* FooterNewReceita.h */ = {isa = PBXFileReference; fileEncoding = 4; lastKnownFileType = sourcecode.c.h; name = FooterNewReceita.h; path = Fucook/NewReceita/FooterNewReceita.h; sourceTree = "<group>"; };
		CE253FA61A10C290003DA45C /* FooterNewReceita.m */ = {isa = PBXFileReference; fileEncoding = 4; lastKnownFileType = sourcecode.c.objc; name = FooterNewReceita.m; path = Fucook/NewReceita/FooterNewReceita.m; sourceTree = "<group>"; };
		CE253FA71A10C290003DA45C /* FooterNewReceita.xib */ = {isa = PBXFileReference; fileEncoding = 4; lastKnownFileType = file.xib; name = FooterNewReceita.xib; path = Fucook/NewReceita/FooterNewReceita.xib; sourceTree = "<group>"; };
		CE3AE1691A0BC9BB006C4B2E /* ReceitasCell.h */ = {isa = PBXFileReference; fileEncoding = 4; lastKnownFileType = sourcecode.c.h; name = ReceitasCell.h; path = Receita/ReceitasCell.h; sourceTree = "<group>"; };
		CE3AE16A1A0BC9BB006C4B2E /* ReceitasCell.m */ = {isa = PBXFileReference; fileEncoding = 4; lastKnownFileType = sourcecode.c.objc; name = ReceitasCell.m; path = Receita/ReceitasCell.m; sourceTree = "<group>"; };
		CE3AE16B1A0BC9BB006C4B2E /* ReceitasCell.xib */ = {isa = PBXFileReference; fileEncoding = 4; lastKnownFileType = file.xib; name = ReceitasCell.xib; path = Receita/ReceitasCell.xib; sourceTree = "<group>"; };
		CE3AE16C1A0BC9BB006C4B2E /* ReceitasController.h */ = {isa = PBXFileReference; fileEncoding = 4; lastKnownFileType = sourcecode.c.h; name = ReceitasController.h; path = Receita/ReceitasController.h; sourceTree = "<group>"; };
		CE3AE16D1A0BC9BB006C4B2E /* ReceitasController.m */ = {isa = PBXFileReference; fileEncoding = 4; lastKnownFileType = sourcecode.c.objc; name = ReceitasController.m; path = Receita/ReceitasController.m; sourceTree = "<group>"; };
		CE3AE16E1A0BC9BB006C4B2E /* ReceitasController.xib */ = {isa = PBXFileReference; fileEncoding = 4; lastKnownFileType = file.xib; name = ReceitasController.xib; path = Receita/ReceitasController.xib; sourceTree = "<group>"; };
		CE3AE1731A0BEEAC006C4B2E /* btleft3@2x.png */ = {isa = PBXFileReference; lastKnownFileType = image.png; name = "btleft3@2x.png"; path = "Fucook/Imagens/btleft3@2x.png"; sourceTree = "<group>"; };
		CE3AE1741A0BEEAC006C4B2E /* btleft3@3x.png */ = {isa = PBXFileReference; lastKnownFileType = image.png; name = "btleft3@3x.png"; path = "Fucook/Imagens/btleft3@3x.png"; sourceTree = "<group>"; };
		CE4660361A0BC77600ED496C /* Receita.h */ = {isa = PBXFileReference; fileEncoding = 4; lastKnownFileType = sourcecode.c.h; path = Receita.h; sourceTree = "<group>"; };
		CE4660371A0BC77600ED496C /* Receita.m */ = {isa = PBXFileReference; fileEncoding = 4; lastKnownFileType = sourcecode.c.objc; path = Receita.m; sourceTree = "<group>"; };
		CE4660381A0BC77600ED496C /* Receita.xib */ = {isa = PBXFileReference; fileEncoding = 4; lastKnownFileType = file.xib; path = Receita.xib; sourceTree = "<group>"; };
		CE475F211A0CCEB500D33A1A /* NewBook.h */ = {isa = PBXFileReference; fileEncoding = 4; lastKnownFileType = sourcecode.c.h; name = NewBook.h; path = NewBook/NewBook.h; sourceTree = "<group>"; };
		CE475F221A0CCEB500D33A1A /* NewBook.m */ = {isa = PBXFileReference; fileEncoding = 4; lastKnownFileType = sourcecode.c.objc; name = NewBook.m; path = NewBook/NewBook.m; sourceTree = "<group>"; };
		CE475F231A0CCEB500D33A1A /* NewBook.xib */ = {isa = PBXFileReference; fileEncoding = 4; lastKnownFileType = file.xib; name = NewBook.xib; path = NewBook/NewBook.xib; sourceTree = "<group>"; };
		CE4983F51A0A90B7009EC1A4 /* TGLExposedLayout.h */ = {isa = PBXFileReference; fileEncoding = 4; lastKnownFileType = sourcecode.c.h; path = TGLExposedLayout.h; sourceTree = "<group>"; };
		CE4983F61A0A90B7009EC1A4 /* TGLExposedLayout.m */ = {isa = PBXFileReference; fileEncoding = 4; lastKnownFileType = sourcecode.c.objc; path = TGLExposedLayout.m; sourceTree = "<group>"; };
		CE4983F71A0A90B7009EC1A4 /* TGLStackedLayout.h */ = {isa = PBXFileReference; fileEncoding = 4; lastKnownFileType = sourcecode.c.h; path = TGLStackedLayout.h; sourceTree = "<group>"; };
		CE4983F81A0A90B7009EC1A4 /* TGLStackedLayout.m */ = {isa = PBXFileReference; fileEncoding = 4; lastKnownFileType = sourcecode.c.objc; path = TGLStackedLayout.m; sourceTree = "<group>"; };
		CE4983F91A0A90B7009EC1A4 /* TGLStackedViewController.h */ = {isa = PBXFileReference; fileEncoding = 4; lastKnownFileType = sourcecode.c.h; path = TGLStackedViewController.h; sourceTree = "<group>"; };
		CE4983FA1A0A90B7009EC1A4 /* TGLStackedViewController.m */ = {isa = PBXFileReference; fileEncoding = 4; lastKnownFileType = sourcecode.c.objc; path = TGLStackedViewController.m; sourceTree = "<group>"; };
		CE49840C1A0A9188009EC1A4 /* HeaderReceita.h */ = {isa = PBXFileReference; fileEncoding = 4; lastKnownFileType = sourcecode.c.h; path = HeaderReceita.h; sourceTree = "<group>"; };
		CE49840D1A0A9188009EC1A4 /* HeaderReceita.m */ = {isa = PBXFileReference; fileEncoding = 4; lastKnownFileType = sourcecode.c.objc; path = HeaderReceita.m; sourceTree = "<group>"; };
		CE49840E1A0A9188009EC1A4 /* HeaderReceita.xib */ = {isa = PBXFileReference; fileEncoding = 4; lastKnownFileType = file.xib; path = HeaderReceita.xib; sourceTree = "<group>"; };
/* End PBXFileReference section */

/* Begin PBXFrameworksBuildPhase section */
		BAC639461A07ED420049E3BD /* Frameworks */ = {
			isa = PBXFrameworksBuildPhase;
			buildActionMask = 2147483647;
			files = (
			);
			runOnlyForDeploymentPostprocessing = 0;
		};
		BAC639621A07ED420049E3BD /* Frameworks */ = {
			isa = PBXFrameworksBuildPhase;
			buildActionMask = 2147483647;
			files = (
			);
			runOnlyForDeploymentPostprocessing = 0;
		};
/* End PBXFrameworksBuildPhase section */

/* Begin PBXGroup section */
		BAC639401A07ED420049E3BD = {
			isa = PBXGroup;
			children = (
				BAF955201A0A8D3500277B94 /* Imagens */,
				BAF76B571A0D216800D2CC13 /* Book */,
				BAF76B511A0D0E5D00D2CC13 /* Settings */,
				BAF76B451A0CCE2F00D2CC13 /* CollectionLivros */,
				BAC6394B1A07ED420049E3BD /* Fucook */,
				BAC639681A07ED420049E3BD /* FucookTests */,
				BAC6394A1A07ED420049E3BD /* Products */,
			);
			sourceTree = "<group>";
		};
		BAC6394A1A07ED420049E3BD /* Products */ = {
			isa = PBXGroup;
			children = (
				BAC639491A07ED420049E3BD /* Fucook.app */,
				BAC639651A07ED420049E3BD /* FucookTests.xctest */,
			);
			name = Products;
			sourceTree = "<group>";
		};
		BAC6394B1A07ED420049E3BD /* Fucook */ = {
			isa = PBXGroup;
			children = (
				CE253F921A10B9A9003DA45C /* NewReceita */,
				CE475F201A0CCE9200D33A1A /* NewBook */,
				CE4984111A0AA3E7009EC1A4 /* Receita */,
				CE49840B1A0A9188009EC1A4 /* HeaderReceita */,
				CE4983F41A0A90B7009EC1A4 /* TGLStackedViewController */,
				BAF955151A0A7A9400277B94 /* Home */,
				BAF955061A0A4ACF00277B94 /* DragableTable */,
				BAC639501A07ED420049E3BD /* AppDelegate.h */,
				BAC639511A07ED420049E3BD /* AppDelegate.m */,
				BAC6395C1A07ED420049E3BD /* Images.xcassets */,
				BAC639531A07ED420049E3BD /* Fucook.xcdatamodeld */,
				BAC6394C1A07ED420049E3BD /* Supporting Files */,
			);
			path = Fucook;
			sourceTree = "<group>";
		};
		BAC6394C1A07ED420049E3BD /* Supporting Files */ = {
			isa = PBXGroup;
			children = (
				BAC639861A07F0FD0049E3BD /* Imagens */,
				BAC6394D1A07ED420049E3BD /* Info.plist */,
				BAC6394E1A07ED420049E3BD /* main.m */,
			);
			name = "Supporting Files";
			sourceTree = "<group>";
		};
		BAC639681A07ED420049E3BD /* FucookTests */ = {
			isa = PBXGroup;
			children = (
				BAC6396B1A07ED420049E3BD /* FucookTests.m */,
				BAC639691A07ED420049E3BD /* Supporting Files */,
			);
			path = FucookTests;
			sourceTree = "<group>";
		};
		BAC639691A07ED420049E3BD /* Supporting Files */ = {
			isa = PBXGroup;
			children = (
				BAC6396A1A07ED420049E3BD /* Info.plist */,
			);
			name = "Supporting Files";
			sourceTree = "<group>";
		};
		BAC639861A07F0FD0049E3BD /* Imagens */ = {
			isa = PBXGroup;
			children = (
				BA05F5821A08D24300E752E7 /* background.png */,
				BA05F5831A08D24300E752E7 /* page.png */,
				BA05F5841A08D24300E752E7 /* placeholder.png */,
				BAC639871A07F10A0049E3BD /* mzl.khrfwdoi.jpg */,
			);
			name = Imagens;
			sourceTree = "<group>";
		};
		BAF76B451A0CCE2F00D2CC13 /* CollectionLivros */ = {
			isa = PBXGroup;
			children = (
				BAF76B4B1A0CCE8200D2CC13 /* CollectionLivroCell */,
				BAF76B461A0CCE6B00D2CC13 /* CollectionLivros.h */,
				BAF76B471A0CCE6B00D2CC13 /* CollectionLivros.m */,
				BAF76B481A0CCE6B00D2CC13 /* CollectionLivros.xib */,
			);
			name = CollectionLivros;
			sourceTree = "<group>";
		};
		BAF76B4B1A0CCE8200D2CC13 /* CollectionLivroCell */ = {
			isa = PBXGroup;
			children = (
				BAF76B4C1A0CCEA800D2CC13 /* CollectionLivroCellCollectionViewCell.h */,
				BAF76B4D1A0CCEA800D2CC13 /* CollectionLivroCellCollectionViewCell.m */,
				BAF76B4E1A0CCEA800D2CC13 /* CollectionLivroCellCollectionViewCell.xib */,
			);
			name = CollectionLivroCell;
			sourceTree = "<group>";
		};
		BAF76B511A0D0E5D00D2CC13 /* Settings */ = {
			isa = PBXGroup;
			children = (
				BAF76B521A0D0FD200D2CC13 /* Settings.h */,
				BAF76B531A0D0FD200D2CC13 /* Settings.m */,
				BAF76B541A0D0FD200D2CC13 /* Settings.xib */,
			);
			name = Settings;
			sourceTree = "<group>";
		};
		BAF76B571A0D216800D2CC13 /* Book */ = {
			isa = PBXGroup;
			children = (
				BAF76B5C1A0D312400D2CC13 /* BookCell */,
				BAF76B581A0D2A7900D2CC13 /* DragableReceita */,
				BAC639811A07F0C40049E3BD /* Book.h */,
				BAC639821A07F0C40049E3BD /* Book.m */,
				BAC639831A07F0C40049E3BD /* Book.xib */,
			);
			name = Book;
			sourceTree = "<group>";
		};
		BAF76B581A0D2A7900D2CC13 /* DragableReceita */ = {
			isa = PBXGroup;
			children = (
				BAF76B591A0D2AAE00D2CC13 /* DragableTableReceitas.h */,
				BAF76B5A1A0D2AAE00D2CC13 /* DragableTableReceitas.m */,
			);
			name = DragableReceita;
			sourceTree = "<group>";
		};
		BAF76B5C1A0D312400D2CC13 /* BookCell */ = {
			isa = PBXGroup;
			children = (
				BAF76B5D1A0D314700D2CC13 /* BookCell.h */,
				BAF76B5E1A0D314700D2CC13 /* BookCell.m */,
				BAF76B5F1A0D314700D2CC13 /* BookCell.xib */,
			);
			name = BookCell;
			sourceTree = "<group>";
		};
		BAF955061A0A4ACF00277B94 /* DragableTable */ = {
			isa = PBXGroup;
			children = (
				BAF955101A0A4B7600277B94 /* utilsDragable */,
				BAF9550D1A0A4B6D00277B94 /* RootViewController.h */,
				BAF9550E1A0A4B6D00277B94 /* RootViewController.m */,
				BAF955071A0A4B1500277B94 /* LivroCell */,
			);
			name = DragableTable;
			sourceTree = "<group>";
		};
		BAF955071A0A4B1500277B94 /* LivroCell */ = {
			isa = PBXGroup;
			children = (
				BAF955081A0A4B2C00277B94 /* LivroCellTableViewCell.h */,
				BAF955091A0A4B2C00277B94 /* LivroCellTableViewCell.m */,
				BAF9550A1A0A4B2C00277B94 /* LivroCellTableViewCell.xib */,
			);
			name = LivroCell;
			sourceTree = "<group>";
		};
		BAF955101A0A4B7600277B94 /* utilsDragable */ = {
			isa = PBXGroup;
			children = (
				BAF955111A0A4BA300277B94 /* ATSDragToReorderTableViewController.h */,
				BAF955121A0A4BA300277B94 /* ATSDragToReorderTableViewController.m */,
				BAF955131A0A4BA300277B94 /* Reordering_Prefix.pch */,
			);
			name = utilsDragable;
			sourceTree = "<group>";
		};
		BAF955151A0A7A9400277B94 /* Home */ = {
			isa = PBXGroup;
			children = (
				BAF9551B1A0A7B7200277B94 /* Home.h */,
				BAF9551C1A0A7B7200277B94 /* Home.m */,
				BAF9551D1A0A7B7200277B94 /* Home.xib */,
			);
			name = Home;
			sourceTree = "<group>";
		};
		BAF955201A0A8D3500277B94 /* Imagens */ = {
			isa = PBXGroup;
			children = (
				CE253F9D1A10BB27003DA45C /* btnphoto1@2x.png */,
				CE253F9E1A10BB27003DA45C /* btnphoto1@3x.png */,
				CE253F9F1A10BB27003DA45C /* btnphoto2@2x.png */,
				CE253FA01A10BB27003DA45C /* btnphoto2@3x.png */,
				BAF76B661A0D3F3D00D2CC13 /* mascara_branca.png */,
				BAF76B641A0D3F1200D2CC13 /* mascara_transparente.png */,
				CE3AE1731A0BEEAC006C4B2E /* btleft3@2x.png */,
				CE3AE1741A0BEEAC006C4B2E /* btleft3@3x.png */,
				BAF66E2C1A0B851600E90B7D /* imgbookslice@2x.png */,
				BAF66E2D1A0B851600E90B7D /* imgbookslice@3x.png */,
				BAF66E2A1A0B809800E90B7D /* imgbookcut@3x.png */,
				BAF66E261A0B7DA900E90B7D /* imgbckhome@2x.png */,
				BAF66E271A0B7DA900E90B7D /* imgbckhome@3x.png */,
				BAF955371A0A9D6900277B94 /* btnaddbook@2x.png */,
				BAF955381A0A9D6900277B94 /* btnaddbook@3x.png */,
				BAF955391A0A9D6900277B94 /* btnbook1@2x.png */,
				BAF9553A1A0A9D6900277B94 /* btnbook1@3x.png */,
				BAF9553B1A0A9D6900277B94 /* btnbook2@2x.png */,
				BAF9553C1A0A9D6900277B94 /* btnbook2@3x.png */,
				BAF9553D1A0A9D6900277B94 /* btncall1@2x.png */,
				BAF9553E1A0A9D6900277B94 /* btncall1@3x.png */,
				BAF9553F1A0A9D6900277B94 /* btncall2@2x.png */,
				BAF955401A0A9D6900277B94 /* btncall2@3x.png */,
				BAF955411A0A9D6900277B94 /* btndelet1@2x.png */,
				BAF955421A0A9D6900277B94 /* btndelet1@3x.png */,
				BAF955431A0A9D6900277B94 /* btndelet2@2x.png */,
				BAF955441A0A9D6900277B94 /* btndelet2@3x.png */,
				BAF955451A0A9D6900277B94 /* btnedit1@2x.png */,
				BAF955461A0A9D6900277B94 /* btnedit1@3x.png */,
				BAF955471A0A9D6900277B94 /* btnedit2@2x.png */,
				BAF955481A0A9D6900277B94 /* btnedit2@3x.png */,
				BAF955491A0A9D6900277B94 /* btnfeatured1@2x.png */,
				BAF9554A1A0A9D6900277B94 /* btnfeatured1@3x.png */,
				BAF9554B1A0A9D6900277B94 /* btnfeatured2@2x.png */,
				BAF9554C1A0A9D6900277B94 /* btnfeatured2@3x.png */,
				BAF9554D1A0A9D6900277B94 /* btnmosaic@2x.png */,
				BAF9554E1A0A9D6900277B94 /* btnmosaic@3x.png */,
				BAF9554F1A0A9D6900277B94 /* btnsearch@2x.png */,
				BAF955501A0A9D6900277B94 /* btnsearch@3x.png */,
				BAF955511A0A9D6900277B94 /* btnsetting1@2x.png */,
				BAF955521A0A9D6900277B94 /* btnsetting1@3x.png */,
				BAF955531A0A9D6900277B94 /* btnsetting2@2x.png */,
				BAF955541A0A9D6900277B94 /* btnsetting2@3x.png */,
				BAF955551A0A9D6900277B94 /* btnshop1@2x.png */,
				BAF955561A0A9D6900277B94 /* btnshop1@3x.png */,
				BAF955571A0A9D6900277B94 /* btnshop2@2x.png */,
				BAF955581A0A9D6900277B94 /* btnshop2@3x.png */,
				BAF955591A0A9D6900277B94 /* imgsample001.jpg */,
			);
			name = Imagens;
			sourceTree = "<group>";
		};
		CE253F921A10B9A9003DA45C /* NewReceita */ = {
			isa = PBXGroup;
			children = (
				CE253F931A10B9C7003DA45C /* HeaderNewReceita.h */,
				CE253F941A10B9C7003DA45C /* HeaderNewReceita.m */,
				CE253F951A10B9C7003DA45C /* HeaderNewReceita.xib */,
				CE253F961A10B9C7003DA45C /* NewReceita.h */,
				CE253F971A10B9C7003DA45C /* NewReceita.m */,
				CE253F981A10B9C7003DA45C /* NewReceita.xib */,
				CE253FA51A10C290003DA45C /* FooterNewReceita.h */,
				CE253FA61A10C290003DA45C /* FooterNewReceita.m */,
				CE253FA71A10C290003DA45C /* FooterNewReceita.xib */,
			);
			name = NewReceita;
			path = ..;
			sourceTree = "<group>";
		};
		CE475F201A0CCE9200D33A1A /* NewBook */ = {
			isa = PBXGroup;
			children = (
				CE475F211A0CCEB500D33A1A /* NewBook.h */,
				CE475F221A0CCEB500D33A1A /* NewBook.m */,
				CE475F231A0CCEB500D33A1A /* NewBook.xib */,
			);
			name = NewBook;
			sourceTree = "<group>";
		};
		CE4983F41A0A90B7009EC1A4 /* TGLStackedViewController */ = {
			isa = PBXGroup;
			children = (
				CE4983F51A0A90B7009EC1A4 /* TGLExposedLayout.h */,
				CE4983F61A0A90B7009EC1A4 /* TGLExposedLayout.m */,
				CE4983F71A0A90B7009EC1A4 /* TGLStackedLayout.h */,
				CE4983F81A0A90B7009EC1A4 /* TGLStackedLayout.m */,
				CE4983F91A0A90B7009EC1A4 /* TGLStackedViewController.h */,
				CE4983FA1A0A90B7009EC1A4 /* TGLStackedViewController.m */,
			);
			path = TGLStackedViewController;
			sourceTree = "<group>";
		};
		CE49840B1A0A9188009EC1A4 /* HeaderReceita */ = {
			isa = PBXGroup;
			children = (
				CE49840C1A0A9188009EC1A4 /* HeaderReceita.h */,
				CE49840D1A0A9188009EC1A4 /* HeaderReceita.m */,
				CE49840E1A0A9188009EC1A4 /* HeaderReceita.xib */,
			);
			path = HeaderReceita;
			sourceTree = "<group>";
		};
		CE4984111A0AA3E7009EC1A4 /* Receita */ = {
			isa = PBXGroup;
			children = (
				CE3AE1691A0BC9BB006C4B2E /* ReceitasCell.h */,
				CE3AE16A1A0BC9BB006C4B2E /* ReceitasCell.m */,
				CE3AE16B1A0BC9BB006C4B2E /* ReceitasCell.xib */,
				CE3AE16C1A0BC9BB006C4B2E /* ReceitasController.h */,
				CE3AE16D1A0BC9BB006C4B2E /* ReceitasController.m */,
				CE3AE16E1A0BC9BB006C4B2E /* ReceitasController.xib */,
				CE4660361A0BC77600ED496C /* Receita.h */,
				CE4660371A0BC77600ED496C /* Receita.m */,
				CE4660381A0BC77600ED496C /* Receita.xib */,
			);
			name = Receita;
			sourceTree = "<group>";
		};
/* End PBXGroup section */

/* Begin PBXNativeTarget section */
		BAC639481A07ED420049E3BD /* Fucook */ = {
			isa = PBXNativeTarget;
			buildConfigurationList = BAC6396F1A07ED420049E3BD /* Build configuration list for PBXNativeTarget "Fucook" */;
			buildPhases = (
				BAC639451A07ED420049E3BD /* Sources */,
				BAC639461A07ED420049E3BD /* Frameworks */,
				BAC639471A07ED420049E3BD /* Resources */,
			);
			buildRules = (
			);
			dependencies = (
			);
			name = Fucook;
			productName = Fucook;
			productReference = BAC639491A07ED420049E3BD /* Fucook.app */;
			productType = "com.apple.product-type.application";
		};
		BAC639641A07ED420049E3BD /* FucookTests */ = {
			isa = PBXNativeTarget;
			buildConfigurationList = BAC639721A07ED420049E3BD /* Build configuration list for PBXNativeTarget "FucookTests" */;
			buildPhases = (
				BAC639611A07ED420049E3BD /* Sources */,
				BAC639621A07ED420049E3BD /* Frameworks */,
				BAC639631A07ED420049E3BD /* Resources */,
			);
			buildRules = (
			);
			dependencies = (
				BAC639671A07ED420049E3BD /* PBXTargetDependency */,
			);
			name = FucookTests;
			productName = FucookTests;
			productReference = BAC639651A07ED420049E3BD /* FucookTests.xctest */;
			productType = "com.apple.product-type.bundle.unit-test";
		};
/* End PBXNativeTarget section */

/* Begin PBXProject section */
		BAC639411A07ED420049E3BD /* Project object */ = {
			isa = PBXProject;
			attributes = {
				LastUpgradeCheck = 0610;
				ORGANIZATIONNAME = "Hugo Costa";
				TargetAttributes = {
					BAC639481A07ED420049E3BD = {
						CreatedOnToolsVersion = 6.1;
					};
					BAC639641A07ED420049E3BD = {
						CreatedOnToolsVersion = 6.1;
						TestTargetID = BAC639481A07ED420049E3BD;
					};
				};
			};
			buildConfigurationList = BAC639441A07ED420049E3BD /* Build configuration list for PBXProject "Fucook" */;
			compatibilityVersion = "Xcode 3.2";
			developmentRegion = English;
			hasScannedForEncodings = 0;
			knownRegions = (
				en,
				Base,
			);
			mainGroup = BAC639401A07ED420049E3BD;
			productRefGroup = BAC6394A1A07ED420049E3BD /* Products */;
			projectDirPath = "";
			projectRoot = "";
			targets = (
				BAC639481A07ED420049E3BD /* Fucook */,
				BAC639641A07ED420049E3BD /* FucookTests */,
			);
		};
/* End PBXProject section */

/* Begin PBXResourcesBuildPhase section */
		BAC639471A07ED420049E3BD /* Resources */ = {
			isa = PBXResourcesBuildPhase;
			buildActionMask = 2147483647;
			files = (
				BAF76B561A0D0FD200D2CC13 /* Settings.xib in Resources */,
				CE253F9C1A10B9C7003DA45C /* NewReceita.xib in Resources */,
				BAF76B611A0D314700D2CC13 /* BookCell.xib in Resources */,
				BAF955671A0A9D6900277B94 /* btndelet2@3x.png in Resources */,
				BAF955641A0A9D6900277B94 /* btndelet1@2x.png in Resources */,
				BAF955741A0A9D6900277B94 /* btnsetting1@2x.png in Resources */,
				BAF955661A0A9D6900277B94 /* btndelet2@2x.png in Resources */,
				BAF955721A0A9D6900277B94 /* btnsearch@2x.png in Resources */,
				BAF9555B1A0A9D6900277B94 /* btnaddbook@3x.png in Resources */,
				CE253FA31A10BB27003DA45C /* btnphoto2@2x.png in Resources */,
				BAF955631A0A9D6900277B94 /* btncall2@3x.png in Resources */,
				BAF955781A0A9D6900277B94 /* btnshop1@2x.png in Resources */,
				BAF955771A0A9D6900277B94 /* btnsetting2@3x.png in Resources */,
				BAF66E2E1A0B851600E90B7D /* imgbookslice@2x.png in Resources */,
				BAF9556C1A0A9D6900277B94 /* btnfeatured1@2x.png in Resources */,
				CE3AE1721A0BC9BB006C4B2E /* ReceitasController.xib in Resources */,
				BAF9555E1A0A9D6900277B94 /* btnbook2@2x.png in Resources */,
				CE253FA11A10BB27003DA45C /* btnphoto1@2x.png in Resources */,
				BAF76B4A1A0CCE6B00D2CC13 /* CollectionLivros.xib in Resources */,
				BAF66E2B1A0B809800E90B7D /* imgbookcut@3x.png in Resources */,
				BAF76B651A0D3F1200D2CC13 /* mascara_transparente.png in Resources */,
				BAF9555A1A0A9D6900277B94 /* btnaddbook@2x.png in Resources */,
				BAF955711A0A9D6900277B94 /* btnmosaic@3x.png in Resources */,
				CE3AE1751A0BEEAC006C4B2E /* btleft3@2x.png in Resources */,
				CE4984101A0A9188009EC1A4 /* HeaderReceita.xib in Resources */,
				CE253FA21A10BB27003DA45C /* btnphoto1@3x.png in Resources */,
				BAF9556A1A0A9D6900277B94 /* btnedit2@2x.png in Resources */,
				CE253FA91A10C290003DA45C /* FooterNewReceita.xib in Resources */,
				BAC639851A07F0C40049E3BD /* Book.xib in Resources */,
				BAF76B501A0CCEA800D2CC13 /* CollectionLivroCellCollectionViewCell.xib in Resources */,
				BAF955691A0A9D6900277B94 /* btnedit1@3x.png in Resources */,
				BAF66E281A0B7DA900E90B7D /* imgbckhome@2x.png in Resources */,
				BAF9555C1A0A9D6900277B94 /* btnbook1@2x.png in Resources */,
				CE46603A1A0BC77600ED496C /* Receita.xib in Resources */,
				BAF955731A0A9D6900277B94 /* btnsearch@3x.png in Resources */,
				BAF9555D1A0A9D6900277B94 /* btnbook1@3x.png in Resources */,
				BAF955681A0A9D6900277B94 /* btnedit1@2x.png in Resources */,
				BAF955761A0A9D6900277B94 /* btnsetting2@2x.png in Resources */,
				BAF955611A0A9D6900277B94 /* btncall1@3x.png in Resources */,
				BAF9557B1A0A9D6900277B94 /* btnshop2@3x.png in Resources */,
				CE253FA41A10BB27003DA45C /* btnphoto2@3x.png in Resources */,
				CE475F251A0CCEB500D33A1A /* NewBook.xib in Resources */,
				BAF9556E1A0A9D6900277B94 /* btnfeatured2@2x.png in Resources */,
				BAF955701A0A9D6900277B94 /* btnmosaic@2x.png in Resources */,
				BAF9555F1A0A9D6900277B94 /* btnbook2@3x.png in Resources */,
				BAF66E291A0B7DA900E90B7D /* imgbckhome@3x.png in Resources */,
				CE3AE1761A0BEEAC006C4B2E /* btleft3@3x.png in Resources */,
				BAF9551F1A0A7B7200277B94 /* Home.xib in Resources */,
				BAF955791A0A9D6900277B94 /* btnshop1@3x.png in Resources */,
				BAF9556B1A0A9D6900277B94 /* btnedit2@3x.png in Resources */,
				BAF955751A0A9D6900277B94 /* btnsetting1@3x.png in Resources */,
				BAF9557C1A0A9D6900277B94 /* imgsample001.jpg in Resources */,
				CE3AE1701A0BC9BB006C4B2E /* ReceitasCell.xib in Resources */,
				BAF9557A1A0A9D6900277B94 /* btnshop2@2x.png in Resources */,
				BAF955621A0A9D6900277B94 /* btncall2@2x.png in Resources */,
				BAF955651A0A9D6900277B94 /* btndelet1@3x.png in Resources */,
				BAF76B671A0D3F3D00D2CC13 /* mascara_branca.png in Resources */,
				BAF955601A0A9D6900277B94 /* btncall1@2x.png in Resources */,
				BAF9556F1A0A9D6900277B94 /* btnfeatured2@3x.png in Resources */,
				CE253F9A1A10B9C7003DA45C /* HeaderNewReceita.xib in Resources */,
				BAF66E2F1A0B851600E90B7D /* imgbookslice@3x.png in Resources */,
				BAF9550C1A0A4B2C00277B94 /* LivroCellTableViewCell.xib in Resources */,
				BAF9556D1A0A9D6900277B94 /* btnfeatured1@3x.png in Resources */,
				BAC6395D1A07ED420049E3BD /* Images.xcassets in Resources */,
			);
			runOnlyForDeploymentPostprocessing = 0;
		};
		BAC639631A07ED420049E3BD /* Resources */ = {
			isa = PBXResourcesBuildPhase;
			buildActionMask = 2147483647;
			files = (
			);
			runOnlyForDeploymentPostprocessing = 0;
		};
/* End PBXResourcesBuildPhase section */

/* Begin PBXSourcesBuildPhase section */
		BAC639451A07ED420049E3BD /* Sources */ = {
			isa = PBXSourcesBuildPhase;
			buildActionMask = 2147483647;
			files = (
				BAC639521A07ED420049E3BD /* AppDelegate.m in Sources */,
				BAF76B601A0D314700D2CC13 /* BookCell.m in Sources */,
				BAF955141A0A4BA300277B94 /* ATSDragToReorderTableViewController.m in Sources */,
				CE253F991A10B9C7003DA45C /* HeaderNewReceita.m in Sources */,
				CE4983FD1A0A90B7009EC1A4 /* TGLStackedViewController.m in Sources */,
				BAF76B551A0D0FD200D2CC13 /* Settings.m in Sources */,
				CE3AE16F1A0BC9BB006C4B2E /* ReceitasCell.m in Sources */,
				CE4983FB1A0A90B7009EC1A4 /* TGLExposedLayout.m in Sources */,
				BAF9551E1A0A7B7200277B94 /* Home.m in Sources */,
				CE253F9B1A10B9C7003DA45C /* NewReceita.m in Sources */,
				BAC639841A07F0C40049E3BD /* Book.m in Sources */,
				CE253FA81A10C290003DA45C /* FooterNewReceita.m in Sources */,
				BAF76B5B1A0D2AAE00D2CC13 /* DragableTableReceitas.m in Sources */,
				BAF9550F1A0A4B6D00277B94 /* RootViewController.m in Sources */,
				BAF76B491A0CCE6B00D2CC13 /* CollectionLivros.m in Sources */,
				CE49840F1A0A9188009EC1A4 /* HeaderReceita.m in Sources */,
				CE475F241A0CCEB500D33A1A /* NewBook.m in Sources */,
				CE3AE1711A0BC9BB006C4B2E /* ReceitasController.m in Sources */,
				BAF9550B1A0A4B2C00277B94 /* LivroCellTableViewCell.m in Sources */,
				BAF76B4F1A0CCEA800D2CC13 /* CollectionLivroCellCollectionViewCell.m in Sources */,
				CE4983FC1A0A90B7009EC1A4 /* TGLStackedLayout.m in Sources */,
				CE4660391A0BC77600ED496C /* Receita.m in Sources */,
				BAC6394F1A07ED420049E3BD /* main.m in Sources */,
				BAC639551A07ED420049E3BD /* Fucook.xcdatamodeld in Sources */,
			);
			runOnlyForDeploymentPostprocessing = 0;
		};
		BAC639611A07ED420049E3BD /* Sources */ = {
			isa = PBXSourcesBuildPhase;
			buildActionMask = 2147483647;
			files = (
				BAC6396C1A07ED420049E3BD /* FucookTests.m in Sources */,
			);
			runOnlyForDeploymentPostprocessing = 0;
		};
/* End PBXSourcesBuildPhase section */

/* Begin PBXTargetDependency section */
		BAC639671A07ED420049E3BD /* PBXTargetDependency */ = {
			isa = PBXTargetDependency;
			target = BAC639481A07ED420049E3BD /* Fucook */;
			targetProxy = BAC639661A07ED420049E3BD /* PBXContainerItemProxy */;
		};
/* End PBXTargetDependency section */

/* Begin XCBuildConfiguration section */
		BAC6396D1A07ED420049E3BD /* Debug */ = {
			isa = XCBuildConfiguration;
			buildSettings = {
				ALWAYS_SEARCH_USER_PATHS = NO;
				CLANG_CXX_LANGUAGE_STANDARD = "gnu++0x";
				CLANG_CXX_LIBRARY = "libc++";
				CLANG_ENABLE_MODULES = YES;
				CLANG_ENABLE_OBJC_ARC = YES;
				CLANG_WARN_BOOL_CONVERSION = YES;
				CLANG_WARN_CONSTANT_CONVERSION = YES;
				CLANG_WARN_DIRECT_OBJC_ISA_USAGE = YES_ERROR;
				CLANG_WARN_EMPTY_BODY = YES;
				CLANG_WARN_ENUM_CONVERSION = YES;
				CLANG_WARN_INT_CONVERSION = YES;
				CLANG_WARN_OBJC_ROOT_CLASS = YES_ERROR;
				CLANG_WARN_UNREACHABLE_CODE = YES;
				CLANG_WARN__DUPLICATE_METHOD_MATCH = YES;
				"CODE_SIGN_IDENTITY[sdk=iphoneos*]" = "iPhone Developer";
				COPY_PHASE_STRIP = NO;
				ENABLE_STRICT_OBJC_MSGSEND = YES;
				GCC_C_LANGUAGE_STANDARD = gnu99;
				GCC_DYNAMIC_NO_PIC = NO;
				GCC_OPTIMIZATION_LEVEL = 0;
				GCC_PREPROCESSOR_DEFINITIONS = (
					"DEBUG=1",
					"$(inherited)",
				);
				GCC_SYMBOLS_PRIVATE_EXTERN = NO;
				GCC_WARN_64_TO_32_BIT_CONVERSION = YES;
				GCC_WARN_ABOUT_RETURN_TYPE = YES_ERROR;
				GCC_WARN_UNDECLARED_SELECTOR = YES;
				GCC_WARN_UNINITIALIZED_AUTOS = YES_AGGRESSIVE;
				GCC_WARN_UNUSED_FUNCTION = YES;
				GCC_WARN_UNUSED_VARIABLE = YES;
				IPHONEOS_DEPLOYMENT_TARGET = 8.1;
				MTL_ENABLE_DEBUG_INFO = YES;
				ONLY_ACTIVE_ARCH = YES;
				SDKROOT = iphoneos;
			};
			name = Debug;
		};
		BAC6396E1A07ED420049E3BD /* Release */ = {
			isa = XCBuildConfiguration;
			buildSettings = {
				ALWAYS_SEARCH_USER_PATHS = NO;
				CLANG_CXX_LANGUAGE_STANDARD = "gnu++0x";
				CLANG_CXX_LIBRARY = "libc++";
				CLANG_ENABLE_MODULES = YES;
				CLANG_ENABLE_OBJC_ARC = YES;
				CLANG_WARN_BOOL_CONVERSION = YES;
				CLANG_WARN_CONSTANT_CONVERSION = YES;
				CLANG_WARN_DIRECT_OBJC_ISA_USAGE = YES_ERROR;
				CLANG_WARN_EMPTY_BODY = YES;
				CLANG_WARN_ENUM_CONVERSION = YES;
				CLANG_WARN_INT_CONVERSION = YES;
				CLANG_WARN_OBJC_ROOT_CLASS = YES_ERROR;
				CLANG_WARN_UNREACHABLE_CODE = YES;
				CLANG_WARN__DUPLICATE_METHOD_MATCH = YES;
				"CODE_SIGN_IDENTITY[sdk=iphoneos*]" = "iPhone Developer";
				COPY_PHASE_STRIP = YES;
				ENABLE_NS_ASSERTIONS = NO;
				ENABLE_STRICT_OBJC_MSGSEND = YES;
				GCC_C_LANGUAGE_STANDARD = gnu99;
				GCC_WARN_64_TO_32_BIT_CONVERSION = YES;
				GCC_WARN_ABOUT_RETURN_TYPE = YES_ERROR;
				GCC_WARN_UNDECLARED_SELECTOR = YES;
				GCC_WARN_UNINITIALIZED_AUTOS = YES_AGGRESSIVE;
				GCC_WARN_UNUSED_FUNCTION = YES;
				GCC_WARN_UNUSED_VARIABLE = YES;
				IPHONEOS_DEPLOYMENT_TARGET = 8.1;
				MTL_ENABLE_DEBUG_INFO = NO;
				SDKROOT = iphoneos;
				VALIDATE_PRODUCT = YES;
			};
			name = Release;
		};
		BAC639701A07ED420049E3BD /* Debug */ = {
			isa = XCBuildConfiguration;
			buildSettings = {
				ASSETCATALOG_COMPILER_APPICON_NAME = AppIcon;
				INFOPLIST_FILE = Fucook/Info.plist;
				IPHONEOS_DEPLOYMENT_TARGET = 7.1;
				LD_RUNPATH_SEARCH_PATHS = "$(inherited) @executable_path/Frameworks";
				PRODUCT_NAME = "$(TARGET_NAME)";
			};
			name = Debug;
		};
		BAC639711A07ED420049E3BD /* Release */ = {
			isa = XCBuildConfiguration;
			buildSettings = {
				ASSETCATALOG_COMPILER_APPICON_NAME = AppIcon;
				INFOPLIST_FILE = Fucook/Info.plist;
				IPHONEOS_DEPLOYMENT_TARGET = 7.1;
				LD_RUNPATH_SEARCH_PATHS = "$(inherited) @executable_path/Frameworks";
				PRODUCT_NAME = "$(TARGET_NAME)";
			};
			name = Release;
		};
		BAC639731A07ED420049E3BD /* Debug */ = {
			isa = XCBuildConfiguration;
			buildSettings = {
				BUNDLE_LOADER = "$(TEST_HOST)";
				FRAMEWORK_SEARCH_PATHS = (
					"$(SDKROOT)/Developer/Library/Frameworks",
					"$(inherited)",
				);
				GCC_PREPROCESSOR_DEFINITIONS = (
					"DEBUG=1",
					"$(inherited)",
				);
				INFOPLIST_FILE = FucookTests/Info.plist;
				LD_RUNPATH_SEARCH_PATHS = "$(inherited) @executable_path/Frameworks @loader_path/Frameworks";
				PRODUCT_NAME = "$(TARGET_NAME)";
				TEST_HOST = "$(BUILT_PRODUCTS_DIR)/Fucook.app/Fucook";
			};
			name = Debug;
		};
		BAC639741A07ED420049E3BD /* Release */ = {
			isa = XCBuildConfiguration;
			buildSettings = {
				BUNDLE_LOADER = "$(TEST_HOST)";
				FRAMEWORK_SEARCH_PATHS = (
					"$(SDKROOT)/Developer/Library/Frameworks",
					"$(inherited)",
				);
				INFOPLIST_FILE = FucookTests/Info.plist;
				LD_RUNPATH_SEARCH_PATHS = "$(inherited) @executable_path/Frameworks @loader_path/Frameworks";
				PRODUCT_NAME = "$(TARGET_NAME)";
				TEST_HOST = "$(BUILT_PRODUCTS_DIR)/Fucook.app/Fucook";
			};
			name = Release;
		};
/* End XCBuildConfiguration section */

/* Begin XCConfigurationList section */
		BAC639441A07ED420049E3BD /* Build configuration list for PBXProject "Fucook" */ = {
			isa = XCConfigurationList;
			buildConfigurations = (
				BAC6396D1A07ED420049E3BD /* Debug */,
				BAC6396E1A07ED420049E3BD /* Release */,
			);
			defaultConfigurationIsVisible = 0;
			defaultConfigurationName = Release;
		};
		BAC6396F1A07ED420049E3BD /* Build configuration list for PBXNativeTarget "Fucook" */ = {
			isa = XCConfigurationList;
			buildConfigurations = (
				BAC639701A07ED420049E3BD /* Debug */,
				BAC639711A07ED420049E3BD /* Release */,
			);
			defaultConfigurationIsVisible = 0;
			defaultConfigurationName = Release;
		};
		BAC639721A07ED420049E3BD /* Build configuration list for PBXNativeTarget "FucookTests" */ = {
			isa = XCConfigurationList;
			buildConfigurations = (
				BAC639731A07ED420049E3BD /* Debug */,
				BAC639741A07ED420049E3BD /* Release */,
			);
			defaultConfigurationIsVisible = 0;
			defaultConfigurationName = Release;
		};
/* End XCConfigurationList section */

/* Begin XCVersionGroup section */
		BAC639531A07ED420049E3BD /* Fucook.xcdatamodeld */ = {
			isa = XCVersionGroup;
			children = (
				BAC639541A07ED420049E3BD /* Fucook.xcdatamodel */,
			);
			currentVersion = BAC639541A07ED420049E3BD /* Fucook.xcdatamodel */;
			path = Fucook.xcdatamodeld;
			sourceTree = "<group>";
			versionGroupType = wrapper.xcdatamodel;
		};
/* End XCVersionGroup section */
	};
	rootObject = BAC639411A07ED420049E3BD /* Project object */;
}
